// !$*UTF8*$!
{
	archiveVersion = 1;
	classes = {
	};
	objectVersion = 50;
	objects = {

/* Begin PBXBuildFile section */
		0EE188ED2313A7B100D2EE49 /* main.swift in Sources */ = {isa = PBXBuildFile; fileRef = 0EE188EC2313A7B100D2EE49 /* main.swift */; };
		0EE188FA2313A7CF00D2EE49 /* SolutionTests.swift in Sources */ = {isa = PBXBuildFile; fileRef = 0EE188F92313A7CF00D2EE49 /* SolutionTests.swift */; };
		0EE188FF2313A7D500D2EE49 /* main.swift in Sources */ = {isa = PBXBuildFile; fileRef = 0EE188EC2313A7B100D2EE49 /* main.swift */; };
/* End PBXBuildFile section */

/* Begin PBXCopyFilesBuildPhase section */
		0EE188E72313A7B100D2EE49 /* CopyFiles */ = {
			isa = PBXCopyFilesBuildPhase;
			buildActionMask = 2147483647;
			dstPath = /usr/share/man/man1/;
			dstSubfolderSpec = 0;
			files = (
			);
			runOnlyForDeploymentPostprocessing = 1;
		};
/* End PBXCopyFilesBuildPhase section */

/* Begin PBXFileReference section */
		0EE188E92313A7B100D2EE49 /* 후보키 */ = {isa = PBXFileReference; explicitFileType = "compiled.mach-o.executable"; includeInIndex = 0; path = "후보키"; sourceTree = BUILT_PRODUCTS_DIR; };
		0EE188EC2313A7B100D2EE49 /* main.swift */ = {isa = PBXFileReference; lastKnownFileType = sourcecode.swift; path = main.swift; sourceTree = "<group>"; };
		0EE188F72313A7CF00D2EE49 /* SolutionTests.xctest */ = {isa = PBXFileReference; explicitFileType = wrapper.cfbundle; includeInIndex = 0; path = SolutionTests.xctest; sourceTree = BUILT_PRODUCTS_DIR; };
		0EE188F92313A7CF00D2EE49 /* SolutionTests.swift */ = {isa = PBXFileReference; lastKnownFileType = sourcecode.swift; path = SolutionTests.swift; sourceTree = "<group>"; };
		0EE188FB2313A7CF00D2EE49 /* Info.plist */ = {isa = PBXFileReference; lastKnownFileType = text.plist.xml; path = Info.plist; sourceTree = "<group>"; };
/* End PBXFileReference section */

/* Begin PBXFrameworksBuildPhase section */
		0EE188E62313A7B100D2EE49 /* Frameworks */ = {
			isa = PBXFrameworksBuildPhase;
			buildActionMask = 2147483647;
			files = (
			);
			runOnlyForDeploymentPostprocessing = 0;
		};
		0EE188F42313A7CF00D2EE49 /* Frameworks */ = {
			isa = PBXFrameworksBuildPhase;
			buildActionMask = 2147483647;
			files = (
			);
			runOnlyForDeploymentPostprocessing = 0;
		};
/* End PBXFrameworksBuildPhase section */

/* Begin PBXGroup section */
		0EE188E02313A7B100D2EE49 = {
			isa = PBXGroup;
			children = (
				0EE188EB2313A7B100D2EE49 /* 후보키 */,
				0EE188F82313A7CF00D2EE49 /* SolutionTests */,
				0EE188EA2313A7B100D2EE49 /* Products */,
			);
			sourceTree = "<group>";
		};
		0EE188EA2313A7B100D2EE49 /* Products */ = {
			isa = PBXGroup;
			children = (
				0EE188E92313A7B100D2EE49 /* 후보키 */,
				0EE188F72313A7CF00D2EE49 /* SolutionTests.xctest */,
			);
			name = Products;
			sourceTree = "<group>";
		};
		0EE188EB2313A7B100D2EE49 /* 후보키 */ = {
			isa = PBXGroup;
			children = (
				0EE188EC2313A7B100D2EE49 /* main.swift */,
			);
			path = "후보키";
			sourceTree = "<group>";
		};
		0EE188F82313A7CF00D2EE49 /* SolutionTests */ = {
			isa = PBXGroup;
			children = (
				0EE188F92313A7CF00D2EE49 /* SolutionTests.swift */,
				0EE188FB2313A7CF00D2EE49 /* Info.plist */,
			);
			path = SolutionTests;
			sourceTree = "<group>";
		};
/* End PBXGroup section */

/* Begin PBXNativeTarget section */
		0EE188E82313A7B100D2EE49 /* 후보키 */ = {
			isa = PBXNativeTarget;
			buildConfigurationList = 0EE188F02313A7B100D2EE49 /* Build configuration list for PBXNativeTarget "후보키" */;
			buildPhases = (
				0EE188E52313A7B100D2EE49 /* Sources */,
				0EE188E62313A7B100D2EE49 /* Frameworks */,
				0EE188E72313A7B100D2EE49 /* CopyFiles */,
			);
			buildRules = (
			);
			dependencies = (
			);
			name = "후보키";
			productName = "후보키";
			productReference = 0EE188E92313A7B100D2EE49 /* 후보키 */;
			productType = "com.apple.product-type.tool";
		};
		0EE188F62313A7CF00D2EE49 /* SolutionTests */ = {
			isa = PBXNativeTarget;
			buildConfigurationList = 0EE188FC2313A7CF00D2EE49 /* Build configuration list for PBXNativeTarget "SolutionTests" */;
			buildPhases = (
				0EE188F32313A7CF00D2EE49 /* Sources */,
				0EE188F42313A7CF00D2EE49 /* Frameworks */,
				0EE188F52313A7CF00D2EE49 /* Resources */,
			);
			buildRules = (
			);
			dependencies = (
			);
			name = SolutionTests;
			productName = SolutionTests;
			productReference = 0EE188F72313A7CF00D2EE49 /* SolutionTests.xctest */;
			productType = "com.apple.product-type.bundle.unit-test";
		};
/* End PBXNativeTarget section */

/* Begin PBXProject section */
		0EE188E12313A7B100D2EE49 /* Project object */ = {
			isa = PBXProject;
			attributes = {
				LastSwiftUpdateCheck = 1030;
				LastUpgradeCheck = 1030;
				ORGANIZATIONNAME = "부엉이";
				TargetAttributes = {
					0EE188E82313A7B100D2EE49 = {
						CreatedOnToolsVersion = 10.3;
					};
					0EE188F62313A7CF00D2EE49 = {
						CreatedOnToolsVersion = 10.3;
					};
				};
			};
			buildConfigurationList = 0EE188E42313A7B100D2EE49 /* Build configuration list for PBXProject "후보키" */;
			compatibilityVersion = "Xcode 9.3";
			developmentRegion = en;
			hasScannedForEncodings = 0;
			knownRegions = (
				en,
			);
			mainGroup = 0EE188E02313A7B100D2EE49;
			productRefGroup = 0EE188EA2313A7B100D2EE49 /* Products */;
			projectDirPath = "";
			projectRoot = "";
			targets = (
				0EE188E82313A7B100D2EE49 /* 후보키 */,
				0EE188F62313A7CF00D2EE49 /* SolutionTests */,
			);
		};
/* End PBXProject section */

/* Begin PBXResourcesBuildPhase section */
		0EE188F52313A7CF00D2EE49 /* Resources */ = {
			isa = PBXResourcesBuildPhase;
			buildActionMask = 2147483647;
			files = (
			);
			runOnlyForDeploymentPostprocessing = 0;
		};
/* End PBXResourcesBuildPhase section */

/* Begin PBXSourcesBuildPhase section */
		0EE188E52313A7B100D2EE49 /* Sources */ = {
			isa = PBXSourcesBuildPhase;
			buildActionMask = 2147483647;
			files = (
				0EE188ED2313A7B100D2EE49 /* main.swift in Sources */,
			);
			runOnlyForDeploymentPostprocessing = 0;
		};
		0EE188F32313A7CF00D2EE49 /* Sources */ = {
			isa = PBXSourcesBuildPhase;
			buildActionMask = 2147483647;
			files = (
				0EE188FF2313A7D500D2EE49 /* main.swift in Sources */,
				0EE188FA2313A7CF00D2EE49 /* SolutionTests.swift in Sources */,
			);
			runOnlyForDeploymentPostprocessing = 0;
		};
/* End PBXSourcesBuildPhase section */

/* Begin XCBuildConfiguration section */
		0EE188EE2313A7B100D2EE49 /* Debug */ = {
			isa = XCBuildConfiguration;
			buildSettings = {
				ALWAYS_SEARCH_USER_PATHS = NO;
				CLANG_ANALYZER_NONNULL = YES;
				CLANG_ANALYZER_NUMBER_OBJECT_CONVERSION = YES_AGGRESSIVE;
				CLANG_CXX_LANGUAGE_STANDARD = "gnu++14";
				CLANG_CXX_LIBRARY = "libc++";
				CLANG_ENABLE_MODULES = YES;
				CLANG_ENABLE_OBJC_ARC = YES;
				CLANG_ENABLE_OBJC_WEAK = YES;
				CLANG_WARN_BLOCK_CAPTURE_AUTORELEASING = YES;
				CLANG_WARN_BOOL_CONVERSION = YES;
				CLANG_WARN_COMMA = YES;
				CLANG_WARN_CONSTANT_CONVERSION = YES;
				CLANG_WARN_DEPRECATED_OBJC_IMPLEMENTATIONS = YES;
				CLANG_WARN_DIRECT_OBJC_ISA_USAGE = YES_ERROR;
				CLANG_WARN_DOCUMENTATION_COMMENTS = YES;
				CLANG_WARN_EMPTY_BODY = YES;
				CLANG_WARN_ENUM_CONVERSION = YES;
				CLANG_WARN_INFINITE_RECURSION = YES;
				CLANG_WARN_INT_CONVERSION = YES;
				CLANG_WARN_NON_LITERAL_NULL_CONVERSION = YES;
				CLANG_WARN_OBJC_IMPLICIT_RETAIN_SELF = YES;
				CLANG_WARN_OBJC_LITERAL_CONVERSION = YES;
				CLANG_WARN_OBJC_ROOT_CLASS = YES_ERROR;
				CLANG_WARN_RANGE_LOOP_ANALYSIS = YES;
				CLANG_WARN_STRICT_PROTOTYPES = YES;
				CLANG_WARN_SUSPICIOUS_MOVE = YES;
				CLANG_WARN_UNGUARDED_AVAILABILITY = YES_AGGRESSIVE;
				CLANG_WARN_UNREACHABLE_CODE = YES;
				CLANG_WARN__DUPLICATE_METHOD_MATCH = YES;
				CODE_SIGN_IDENTITY = "Mac Developer";
				COPY_PHASE_STRIP = NO;
				DEBUG_INFORMATION_FORMAT = dwarf;
				ENABLE_STRICT_OBJC_MSGSEND = YES;
				ENABLE_TESTABILITY = YES;
				GCC_C_LANGUAGE_STANDARD = gnu11;
				GCC_DYNAMIC_NO_PIC = NO;
				GCC_NO_COMMON_BLOCKS = YES;
				GCC_OPTIMIZATION_LEVEL = 0;
				GCC_PREPROCESSOR_DEFINITIONS = (
					"DEBUG=1",
					"$(inherited)",
				);
				GCC_WARN_64_TO_32_BIT_CONVERSION = YES;
				GCC_WARN_ABOUT_RETURN_TYPE = YES_ERROR;
				GCC_WARN_UNDECLARED_SELECTOR = YES;
				GCC_WARN_UNINITIALIZED_AUTOS = YES_AGGRESSIVE;
				GCC_WARN_UNUSED_FUNCTION = YES;
				GCC_WARN_UNUSED_VARIABLE = YES;
				MACOSX_DEPLOYMENT_TARGET = 10.14;
				MTL_ENABLE_DEBUG_INFO = INCLUDE_SOURCE;
				MTL_FAST_MATH = YES;
				ONLY_ACTIVE_ARCH = YES;
				SDKROOT = macosx;
				SWIFT_ACTIVE_COMPILATION_CONDITIONS = DEBUG;
				SWIFT_OPTIMIZATION_LEVEL = "-Onone";
			};
			name = Debug;
		};
		0EE188EF2313A7B100D2EE49 /* Release */ = {
			isa = XCBuildConfiguration;
			buildSettings = {
				ALWAYS_SEARCH_USER_PATHS = NO;
				CLANG_ANALYZER_NONNULL = YES;
				CLANG_ANALYZER_NUMBER_OBJECT_CONVERSION = YES_AGGRESSIVE;
				CLANG_CXX_LANGUAGE_STANDARD = "gnu++14";
				CLANG_CXX_LIBRARY = "libc++";
				CLANG_ENABLE_MODULES = YES;
				CLANG_ENABLE_OBJC_ARC = YES;
				CLANG_ENABLE_OBJC_WEAK = YES;
				CLANG_WARN_BLOCK_CAPTURE_AUTORELEASING = YES;
				CLANG_WARN_BOOL_CONVERSION = YES;
				CLANG_WARN_COMMA = YES;
				CLANG_WARN_CONSTANT_CONVERSION = YES;
				CLANG_WARN_DEPRECATED_OBJC_IMPLEMENTATIONS = YES;
				CLANG_WARN_DIRECT_OBJC_ISA_USAGE = YES_ERROR;
				CLANG_WARN_DOCUMENTATION_COMMENTS = YES;
				CLANG_WARN_EMPTY_BODY = YES;
				CLANG_WARN_ENUM_CONVERSION = YES;
				CLANG_WARN_INFINITE_RECURSION = YES;
				CLANG_WARN_INT_CONVERSION = YES;
				CLANG_WARN_NON_LITERAL_NULL_CONVERSION = YES;
				CLANG_WARN_OBJC_IMPLICIT_RETAIN_SELF = YES;
				CLANG_WARN_OBJC_LITERAL_CONVERSION = YES;
				CLANG_WARN_OBJC_ROOT_CLASS = YES_ERROR;
				CLANG_WARN_RANGE_LOOP_ANALYSIS = YES;
				CLANG_WARN_STRICT_PROTOTYPES = YES;
				CLANG_WARN_SUSPICIOUS_MOVE = YES;
				CLANG_WARN_UNGUARDED_AVAILABILITY = YES_AGGRESSIVE;
				CLANG_WARN_UNREACHABLE_CODE = YES;
				CLANG_WARN__DUPLICATE_METHOD_MATCH = YES;
				CODE_SIGN_IDENTITY = "Mac Developer";
				COPY_PHASE_STRIP = NO;
				DEBUG_INFORMATION_FORMAT = "dwarf-with-dsym";
				ENABLE_NS_ASSERTIONS = NO;
				ENABLE_STRICT_OBJC_MSGSEND = YES;
				GCC_C_LANGUAGE_STANDARD = gnu11;
				GCC_NO_COMMON_BLOCKS = YES;
				GCC_WARN_64_TO_32_BIT_CONVERSION = YES;
				GCC_WARN_ABOUT_RETURN_TYPE = YES_ERROR;
				GCC_WARN_UNDECLARED_SELECTOR = YES;
				GCC_WARN_UNINITIALIZED_AUTOS = YES_AGGRESSIVE;
				GCC_WARN_UNUSED_FUNCTION = YES;
				GCC_WARN_UNUSED_VARIABLE = YES;
				MACOSX_DEPLOYMENT_TARGET = 10.14;
				MTL_ENABLE_DEBUG_INFO = NO;
				MTL_FAST_MATH = YES;
				SDKROOT = macosx;
				SWIFT_COMPILATION_MODE = wholemodule;
				SWIFT_OPTIMIZATION_LEVEL = "-O";
			};
			name = Release;
		};
		0EE188F12313A7B100D2EE49 /* Debug */ = {
			isa = XCBuildConfiguration;
			buildSettings = {
				CODE_SIGN_STYLE = Automatic;
				DEVELOPMENT_TEAM = 8BQHKQSA4Y;
				PRODUCT_NAME = "$(TARGET_NAME)";
				SWIFT_VERSION = 5.0;
			};
			name = Debug;
		};
		0EE188F22313A7B100D2EE49 /* Release */ = {
			isa = XCBuildConfiguration;
			buildSettings = {
				CODE_SIGN_STYLE = Automatic;
				DEVELOPMENT_TEAM = 8BQHKQSA4Y;
				PRODUCT_NAME = "$(TARGET_NAME)";
				SWIFT_VERSION = 5.0;
			};
			name = Release;
		};
		0EE188FD2313A7CF00D2EE49 /* Debug */ = {
			isa = XCBuildConfiguration;
			buildSettings = {
				CODE_SIGN_STYLE = Automatic;
				COMBINE_HIDPI_IMAGES = YES;
				DEVELOPMENT_TEAM = 8BQHKQSA4Y;
				INFOPLIST_FILE = SolutionTests/Info.plist;
				LD_RUNPATH_SEARCH_PATHS = (
					"$(inherited)",
					"@executable_path/../Frameworks",
					"@loader_path/../Frameworks",
				);
				PRODUCT_BUNDLE_IDENTIFIER = developer.OOwl.SolutionTests;
				PRODUCT_NAME = "$(TARGET_NAME)";
				SWIFT_VERSION = 5.0;
			};
			name = Debug;
		};
		0EE188FE2313A7CF00D2EE49 /* Release */ = {
			isa = XCBuildConfiguration;
			buildSettings = {
				CODE_SIGN_STYLE = Automatic;
				COMBINE_HIDPI_IMAGES = YES;
				DEVELOPMENT_TEAM = 8BQHKQSA4Y;
				INFOPLIST_FILE = SolutionTests/Info.plist;
				LD_RUNPATH_SEARCH_PATHS = (
					"$(inherited)",
					"@executable_path/../Frameworks",
					"@loader_path/../Frameworks",
				);
				PRODUCT_BUNDLE_IDENTIFIER = developer.OOwl.SolutionTests;
				PRODUCT_NAME = "$(TARGET_NAME)";
				SWIFT_VERSION = 5.0;
			};
			name = Release;
		};
/* End XCBuildConfiguration section */

/* Begin XCConfigurationList section */
		0EE188E42313A7B100D2EE49 /* Build configuration list for PBXProject "후보키" */ = {
			isa = XCConfigurationList;
			buildConfigurations = (
				0EE188EE2313A7B100D2EE49 /* Debug */,
				0EE188EF2313A7B100D2EE49 /* Release */,
			);
			defaultConfigurationIsVisible = 0;
			defaultConfigurationName = Release;
		};
		0EE188F02313A7B100D2EE49 /* Build configuration list for PBXNativeTarget "후보키" */ = {
			isa = XCConfigurationList;
			buildConfigurations = (
				0EE188F12313A7B100D2EE49 /* Debug */,
				0EE188F22313A7B100D2EE49 /* Release */,
			);
			defaultConfigurationIsVisible = 0;
			defaultConfigurationName = Release;
		};
		0EE188FC2313A7CF00D2EE49 /* Build configuration list for PBXNativeTarget "SolutionTests" */ = {
			isa = XCConfigurationList;
			buildConfigurations = (
				0EE188FD2313A7CF00D2EE49 /* Debug */,
				0EE188FE2313A7CF00D2EE49 /* Release */,
			);
			defaultConfigurationIsVisible = 0;
			defaultConfigurationName = Release;
		};
/* End XCConfigurationList section */
	};
	rootObject = 0EE188E12313A7B100D2EE49 /* Project object */;
}
