<?xml version="1.0" encoding="UTF-8"?>
<Scheme
   LastUpgradeVersion = "1030"
   version = "1.3">
   <BuildAction
      parallelizeBuildables = "YES"
      buildImplicitDependencies = "YES">
      <BuildActionEntries>
         <BuildActionEntry
            buildForTesting = "YES"
            buildForRunning = "YES"
            buildForProfiling = "YES"
            buildForArchiving = "YES"
            buildForAnalyzing = "YES">
            <BuildableReference
               BuildableIdentifier = "primary"
               BlueprintIdentifier = "0EA2EDDA2334F56A0090555A"
               BuildableName = "N&#x110b;&#x1173;&#x1105;&#x1169; &#x1111;&#x116d;&#x1112;&#x1167;&#x11ab;"
               BlueprintName = "N&#x110b;&#x1173;&#x1105;&#x1169; &#x1111;&#x116d;&#x1112;&#x1167;&#x11ab;"
               ReferencedContainer = "container:N&#x110b;&#x1173;&#x1105;&#x1169; &#x1111;&#x116d;&#x1112;&#x1167;&#x11ab;.xcodeproj">
            </BuildableReference>
         </BuildActionEntry>
      </BuildActionEntries>
   </BuildAction>
   <TestAction
      buildConfiguration = "Debug"
      selectedDebuggerIdentifier = "Xcode.DebuggerFoundation.Debugger.LLDB"
      selectedLauncherIdentifier = "Xcode.DebuggerFoundation.Launcher.LLDB"
      shouldUseLaunchSchemeArgsEnv = "YES">
      <Testables>
         <TestableReference
            skipped = "NO">
            <BuildableReference
               BuildableIdentifier = "primary"
               BlueprintIdentifier = "0EA2EDE82334F5780090555A"
               BuildableName = "SolutionUnitTests.xctest"
               BlueprintName = "SolutionUnitTests"
               ReferencedContainer = "container:N&#x110b;&#x1173;&#x1105;&#x1169; &#x1111;&#x116d;&#x1112;&#x1167;&#x11ab;.xcodeproj">
            </BuildableReference>
         </TestableReference>
      </Testables>
      <MacroExpansion>
         <BuildableReference
            BuildableIdentifier = "primary"
            BlueprintIdentifier = "0EA2EDDA2334F56A0090555A"
            BuildableName = "N&#x110b;&#x1173;&#x1105;&#x1169; &#x1111;&#x116d;&#x1112;&#x1167;&#x11ab;"
            BlueprintName = "N&#x110b;&#x1173;&#x1105;&#x1169; &#x1111;&#x116d;&#x1112;&#x1167;&#x11ab;"
            ReferencedContainer = "container:N&#x110b;&#x1173;&#x1105;&#x1169; &#x1111;&#x116d;&#x1112;&#x1167;&#x11ab;.xcodeproj">
         </BuildableReference>
      </MacroExpansion>
      <AdditionalOptions>
      </AdditionalOptions>
   </TestAction>
   <LaunchAction
      buildConfiguration = "Debug"
      selectedDebuggerIdentifier = "Xcode.DebuggerFoundation.Debugger.LLDB"
      selectedLauncherIdentifier = "Xcode.DebuggerFoundation.Launcher.LLDB"
      launchStyle = "0"
      useCustomWorkingDirectory = "NO"
      ignoresPersistentStateOnLaunch = "NO"
      debugDocumentVersioning = "YES"
      debugServiceExtension = "internal"
      allowLocationSimulation = "YES">
      <BuildableProductRunnable
         runnableDebuggingMode = "0">
         <BuildableReference
            BuildableIdentifier = "primary"
            BlueprintIdentifier = "0EA2EDDA2334F56A0090555A"
            BuildableName = "N&#x110b;&#x1173;&#x1105;&#x1169; &#x1111;&#x116d;&#x1112;&#x1167;&#x11ab;"
            BlueprintName = "N&#x110b;&#x1173;&#x1105;&#x1169; &#x1111;&#x116d;&#x1112;&#x1167;&#x11ab;"
            ReferencedContainer = "container:N&#x110b;&#x1173;&#x1105;&#x1169; &#x1111;&#x116d;&#x1112;&#x1167;&#x11ab;.xcodeproj">
         </BuildableReference>
      </BuildableProductRunnable>
      <AdditionalOptions>
      </AdditionalOptions>
   </LaunchAction>
   <ProfileAction
      buildConfiguration = "Release"
      shouldUseLaunchSchemeArgsEnv = "YES"
      savedToolIdentifier = ""
      useCustomWorkingDirectory = "NO"
      debugDocumentVersioning = "YES">
      <BuildableProductRunnable
         runnableDebuggingMode = "0">
         <BuildableReference
            BuildableIdentifier = "primary"
            BlueprintIdentifier = "0EA2EDDA2334F56A0090555A"
            BuildableName = "N&#x110b;&#x1173;&#x1105;&#x1169; &#x1111;&#x116d;&#x1112;&#x1167;&#x11ab;"
            BlueprintName = "N&#x110b;&#x1173;&#x1105;&#x1169; &#x1111;&#x116d;&#x1112;&#x1167;&#x11ab;"
            ReferencedContainer = "container:N&#x110b;&#x1173;&#x1105;&#x1169; &#x1111;&#x116d;&#x1112;&#x1167;&#x11ab;.xcodeproj">
         </BuildableReference>
      </BuildableProductRunnable>
   </ProfileAction>
   <AnalyzeAction
      buildConfiguration = "Debug">
   </AnalyzeAction>
   <ArchiveAction
      buildConfiguration = "Release"
      revealArchiveInOrganizer = "YES">
   </ArchiveAction>
</Scheme>
