<?xml version="1.0" encoding="UTF-8"?>
<Scheme
   LastUpgradeVersion = "1030"
   version = "1.3">
   <BuildAction
      parallelizeBuildables = "YES"
      buildImplicitDependencies = "YES">
      <BuildActionEntries>
         <BuildActionEntry
            buildForTesting = "YES"
            buildForRunning = "YES"
            buildForProfiling = "YES"
            buildForArchiving = "YES"
            buildForAnalyzing = "YES">
            <BuildableReference
               BuildableIdentifier = "primary"
               BlueprintIdentifier = "0E01B2ED23115B36000F4075"
               BuildableName = "&#x1112;&#x1162;&#x11bc;&#x1105;&#x1167;&#x11af;&#x110b;&#x1174; &#x1100;&#x1169;&#x11b8;&#x1109;&#x1166;&#x11b7;"
               BlueprintName = "&#x1112;&#x1162;&#x11bc;&#x1105;&#x1167;&#x11af;&#x110b;&#x1174; &#x1100;&#x1169;&#x11b8;&#x1109;&#x1166;&#x11b7;"
               ReferencedContainer = "container:&#x1112;&#x1162;&#x11bc;&#x1105;&#x1167;&#x11af;&#x110b;&#x1174; &#x1100;&#x1169;&#x11b8;&#x1109;&#x1166;&#x11b7;.xcodeproj">
            </BuildableReference>
         </BuildActionEntry>
      </BuildActionEntries>
   </BuildAction>
   <TestAction
      buildConfiguration = "Debug"
      selectedDebuggerIdentifier = "Xcode.DebuggerFoundation.Debugger.LLDB"
      selectedLauncherIdentifier = "Xcode.DebuggerFoundation.Launcher.LLDB"
      shouldUseLaunchSchemeArgsEnv = "YES">
      <Testables>
         <TestableReference
            skipped = "NO">
            <BuildableReference
               BuildableIdentifier = "primary"
               BlueprintIdentifier = "0E01B2FB23115B45000F4075"
               BuildableName = "SolutionTests.xctest"
               BlueprintName = "SolutionTests"
               ReferencedContainer = "container:&#x1112;&#x1162;&#x11bc;&#x1105;&#x1167;&#x11af;&#x110b;&#x1174; &#x1100;&#x1169;&#x11b8;&#x1109;&#x1166;&#x11b7;.xcodeproj">
            </BuildableReference>
         </TestableReference>
      </Testables>
      <MacroExpansion>
         <BuildableReference
            BuildableIdentifier = "primary"
            BlueprintIdentifier = "0E01B2ED23115B36000F4075"
            BuildableName = "&#x1112;&#x1162;&#x11bc;&#x1105;&#x1167;&#x11af;&#x110b;&#x1174; &#x1100;&#x1169;&#x11b8;&#x1109;&#x1166;&#x11b7;"
            BlueprintName = "&#x1112;&#x1162;&#x11bc;&#x1105;&#x1167;&#x11af;&#x110b;&#x1174; &#x1100;&#x1169;&#x11b8;&#x1109;&#x1166;&#x11b7;"
            ReferencedContainer = "container:&#x1112;&#x1162;&#x11bc;&#x1105;&#x1167;&#x11af;&#x110b;&#x1174; &#x1100;&#x1169;&#x11b8;&#x1109;&#x1166;&#x11b7;.xcodeproj">
         </BuildableReference>
      </MacroExpansion>
      <AdditionalOptions>
      </AdditionalOptions>
   </TestAction>
   <LaunchAction
      buildConfiguration = "Debug"
      selectedDebuggerIdentifier = "Xcode.DebuggerFoundation.Debugger.LLDB"
      selectedLauncherIdentifier = "Xcode.DebuggerFoundation.Launcher.LLDB"
      launchStyle = "0"
      useCustomWorkingDirectory = "NO"
      ignoresPersistentStateOnLaunch = "NO"
      debugDocumentVersioning = "YES"
      debugServiceExtension = "internal"
      allowLocationSimulation = "YES">
      <BuildableProductRunnable
         runnableDebuggingMode = "0">
         <BuildableReference
            BuildableIdentifier = "primary"
            BlueprintIdentifier = "0E01B2ED23115B36000F4075"
            BuildableName = "&#x1112;&#x1162;&#x11bc;&#x1105;&#x1167;&#x11af;&#x110b;&#x1174; &#x1100;&#x1169;&#x11b8;&#x1109;&#x1166;&#x11b7;"
            BlueprintName = "&#x1112;&#x1162;&#x11bc;&#x1105;&#x1167;&#x11af;&#x110b;&#x1174; &#x1100;&#x1169;&#x11b8;&#x1109;&#x1166;&#x11b7;"
            ReferencedContainer = "container:&#x1112;&#x1162;&#x11bc;&#x1105;&#x1167;&#x11af;&#x110b;&#x1174; &#x1100;&#x1169;&#x11b8;&#x1109;&#x1166;&#x11b7;.xcodeproj">
         </BuildableReference>
      </BuildableProductRunnable>
      <AdditionalOptions>
      </AdditionalOptions>
   </LaunchAction>
   <ProfileAction
      buildConfiguration = "Release"
      shouldUseLaunchSchemeArgsEnv = "YES"
      savedToolIdentifier = ""
      useCustomWorkingDirectory = "NO"
      debugDocumentVersioning = "YES">
      <BuildableProductRunnable
         runnableDebuggingMode = "0">
         <BuildableReference
            BuildableIdentifier = "primary"
            BlueprintIdentifier = "0E01B2ED23115B36000F4075"
            BuildableName = "&#x1112;&#x1162;&#x11bc;&#x1105;&#x1167;&#x11af;&#x110b;&#x1174; &#x1100;&#x1169;&#x11b8;&#x1109;&#x1166;&#x11b7;"
            BlueprintName = "&#x1112;&#x1162;&#x11bc;&#x1105;&#x1167;&#x11af;&#x110b;&#x1174; &#x1100;&#x1169;&#x11b8;&#x1109;&#x1166;&#x11b7;"
            ReferencedContainer = "container:&#x1112;&#x1162;&#x11bc;&#x1105;&#x1167;&#x11af;&#x110b;&#x1174; &#x1100;&#x1169;&#x11b8;&#x1109;&#x1166;&#x11b7;.xcodeproj">
         </BuildableReference>
      </BuildableProductRunnable>
   </ProfileAction>
   <AnalyzeAction
      buildConfiguration = "Debug">
   </AnalyzeAction>
   <ArchiveAction
      buildConfiguration = "Release"
      revealArchiveInOrganizer = "YES">
   </ArchiveAction>
</Scheme>
