// !$*UTF8*$!
{
	archiveVersion = 1;
	classes = {
	};
	objectVersion = 50;
	objects = {

/* Begin PBXBuildFile section */
		0EA2EDDF2334F56A0090555A /* main.swift in Sources */ = {isa = PBXBuildFile; fileRef = 0EA2EDDE2334F56A0090555A /* main.swift */; };
		0EA2EDEC2334F5780090555A /* SolutionUnitTests.swift in Sources */ = {isa = PBXBuildFile; fileRef = 0EA2EDEB2334F5780090555A /* SolutionUnitTests.swift */; };
		0EA2EDF12334F59C0090555A /* main.swift in Sources */ = {isa = PBXBuildFile; fileRef = 0EA2EDDE2334F56A0090555A /* main.swift */; };
/* End PBXBuildFile section */

/* Begin PBXCopyFilesBuildPhase section */
		0EA2EDD92334F56A0090555A /* CopyFiles */ = {
			isa = PBXCopyFilesBuildPhase;
			buildActionMask = 2147483647;
			dstPath = /usr/share/man/man1/;
			dstSubfolderSpec = 0;
			files = (
			);
			runOnlyForDeploymentPostprocessing = 1;
		};
/* End PBXCopyFilesBuildPhase section */

/* Begin PBXFileReference section */
		0EA2EDDB2334F56A0090555A /* N으로 표현 */ = {isa = PBXFileReference; explicitFileType = "compiled.mach-o.executable"; includeInIndex = 0; path = "N으로 표현"; sourceTree = BUILT_PRODUCTS_DIR; };
		0EA2EDDE2334F56A0090555A /* main.swift */ = {isa = PBXFileReference; lastKnownFileType = sourcecode.swift; path = main.swift; sourceTree = "<group>"; };
		0EA2EDE92334F5780090555A /* SolutionUnitTests.xctest */ = {isa = PBXFileReference; explicitFileType = wrapper.cfbundle; includeInIndex = 0; path = SolutionUnitTests.xctest; sourceTree = BUILT_PRODUCTS_DIR; };
		0EA2EDEB2334F5780090555A /* SolutionUnitTests.swift */ = {isa = PBXFileReference; lastKnownFileType = sourcecode.swift; path = SolutionUnitTests.swift; sourceTree = "<group>"; };
		0EA2EDED2334F5780090555A /* Info.plist */ = {isa = PBXFileReference; lastKnownFileType = text.plist.xml; path = Info.plist; sourceTree = "<group>"; };
/* End PBXFileReference section */

/* Begin PBXFrameworksBuildPhase section */
		0EA2EDD82334F56A0090555A /* Frameworks */ = {
			isa = PBXFrameworksBuildPhase;
			buildActionMask = 2147483647;
			files = (
			);
			runOnlyForDeploymentPostprocessing = 0;
		};
		0EA2EDE62334F5780090555A /* Frameworks */ = {
			isa = PBXFrameworksBuildPhase;
			buildActionMask = 2147483647;
			files = (
			);
			runOnlyForDeploymentPostprocessing = 0;
		};
/* End PBXFrameworksBuildPhase section */

/* Begin PBXGroup section */
		0EA2EDD22334F56A0090555A = {
			isa = PBXGroup;
			children = (
				0EA2EDDD2334F56A0090555A /* N으로 표현 */,
				0EA2EDEA2334F5780090555A /* SolutionUnitTests */,
				0EA2EDDC2334F56A0090555A /* Products */,
			);
			sourceTree = "<group>";
		};
		0EA2EDDC2334F56A0090555A /* Products */ = {
			isa = PBXGroup;
			children = (
				0EA2EDDB2334F56A0090555A /* N으로 표현 */,
				0EA2EDE92334F5780090555A /* SolutionUnitTests.xctest */,
			);
			name = Products;
			sourceTree = "<group>";
		};
		0EA2EDDD2334F56A0090555A /* N으로 표현 */ = {
			isa = PBXGroup;
			children = (
				0EA2EDDE2334F56A0090555A /* main.swift */,
			);
			path = "N으로 표현";
			sourceTree = "<group>";
		};
		0EA2EDEA2334F5780090555A /* SolutionUnitTests */ = {
			isa = PBXGroup;
			children = (
				0EA2EDEB2334F5780090555A /* SolutionUnitTests.swift */,
				0EA2EDED2334F5780090555A /* Info.plist */,
			);
			path = SolutionUnitTests;
			sourceTree = "<group>";
		};
/* End PBXGroup section */

/* Begin PBXNativeTarget section */
		0EA2EDDA2334F56A0090555A /* N으로 표현 */ = {
			isa = PBXNativeTarget;
			buildConfigurationList = 0EA2EDE22334F56A0090555A /* Build configuration list for PBXNativeTarget "N으로 표현" */;
			buildPhases = (
				0EA2EDD72334F56A0090555A /* Sources */,
				0EA2EDD82334F56A0090555A /* Frameworks */,
				0EA2EDD92334F56A0090555A /* CopyFiles */,
			);
			buildRules = (
			);
			dependencies = (
			);
			name = "N으로 표현";
			productName = "N으로 표현";
			productReference = 0EA2EDDB2334F56A0090555A /* N으로 표현 */;
			productType = "com.apple.product-type.tool";
		};
		0EA2EDE82334F5780090555A /* SolutionUnitTests */ = {
			isa = PBXNativeTarget;
			buildConfigurationList = 0EA2EDEE2334F5780090555A /* Build configuration list for PBXNativeTarget "SolutionUnitTests" */;
			buildPhases = (
				0EA2EDE52334F5780090555A /* Sources */,
				0EA2EDE62334F5780090555A /* Frameworks */,
				0EA2EDE72334F5780090555A /* Resources */,
			);
			buildRules = (
			);
			dependencies = (
			);
			name = SolutionUnitTests;
			productName = SolutionUnitTests;
			productReference = 0EA2EDE92334F5780090555A /* SolutionUnitTests.xctest */;
			productType = "com.apple.product-type.bundle.unit-test";
		};
/* End PBXNativeTarget section */

/* Begin PBXProject section */
		0EA2EDD32334F56A0090555A /* Project object */ = {
			isa = PBXProject;
			attributes = {
				LastSwiftUpdateCheck = 1030;
				LastUpgradeCheck = 1030;
				ORGANIZATIONNAME = "부엉이";
				TargetAttributes = {
					0EA2EDDA2334F56A0090555A = {
						CreatedOnToolsVersion = 10.3;
					};
					0EA2EDE82334F5780090555A = {
						CreatedOnToolsVersion = 10.3;
					};
				};
			};
			buildConfigurationList = 0EA2EDD62334F56A0090555A /* Build configuration list for PBXProject "N으로 표현" */;
			compatibilityVersion = "Xcode 9.3";
			developmentRegion = en;
			hasScannedForEncodings = 0;
			knownRegions = (
				en,
			);
			mainGroup = 0EA2EDD22334F56A0090555A;
			productRefGroup = 0EA2EDDC2334F56A0090555A /* Products */;
			projectDirPath = "";
			projectRoot = "";
			targets = (
				0EA2EDDA2334F56A0090555A /* N으로 표현 */,
				0EA2EDE82334F5780090555A /* SolutionUnitTests */,
			);
		};
/* End PBXProject section */

/* Begin PBXResourcesBuildPhase section */
		0EA2EDE72334F5780090555A /* Resources */ = {
			isa = PBXResourcesBuildPhase;
			buildActionMask = 2147483647;
			files = (
			);
			runOnlyForDeploymentPostprocessing = 0;
		};
/* End PBXResourcesBuildPhase section */

/* Begin PBXSourcesBuildPhase section */
		0EA2EDD72334F56A0090555A /* Sources */ = {
			isa = PBXSourcesBuildPhase;
			buildActionMask = 2147483647;
			files = (
				0EA2EDDF2334F56A0090555A /* main.swift in Sources */,
			);
			runOnlyForDeploymentPostprocessing = 0;
		};
		0EA2EDE52334F5780090555A /* Sources */ = {
			isa = PBXSourcesBuildPhase;
			buildActionMask = 2147483647;
			files = (
				0EA2EDF12334F59C0090555A /* main.swift in Sources */,
				0EA2EDEC2334F5780090555A /* SolutionUnitTests.swift in Sources */,
			);
			runOnlyForDeploymentPostprocessing = 0;
		};
/* End PBXSourcesBuildPhase section */

/* Begin XCBuildConfiguration section */
		0EA2EDE02334F56A0090555A /* Debug */ = {
			isa = XCBuildConfiguration;
			buildSettings = {
				ALWAYS_SEARCH_USER_PATHS = NO;
				CLANG_ANALYZER_NONNULL = YES;
				CLANG_ANALYZER_NUMBER_OBJECT_CONVERSION = YES_AGGRESSIVE;
				CLANG_CXX_LANGUAGE_STANDARD = "gnu++14";
				CLANG_CXX_LIBRARY = "libc++";
				CLANG_ENABLE_MODULES = YES;
				CLANG_ENABLE_OBJC_ARC = YES;
				CLANG_ENABLE_OBJC_WEAK = YES;
				CLANG_WARN_BLOCK_CAPTURE_AUTORELEASING = YES;
				CLANG_WARN_BOOL_CONVERSION = YES;
				CLANG_WARN_COMMA = YES;
				CLANG_WARN_CONSTANT_CONVERSION = YES;
				CLANG_WARN_DEPRECATED_OBJC_IMPLEMENTATIONS = YES;
				CLANG_WARN_DIRECT_OBJC_ISA_USAGE = YES_ERROR;
				CLANG_WARN_DOCUMENTATION_COMMENTS = YES;
				CLANG_WARN_EMPTY_BODY = YES;
				CLANG_WARN_ENUM_CONVERSION = YES;
				CLANG_WARN_INFINITE_RECURSION = YES;
				CLANG_WARN_INT_CONVERSION = YES;
				CLANG_WARN_NON_LITERAL_NULL_CONVERSION = YES;
				CLANG_WARN_OBJC_IMPLICIT_RETAIN_SELF = YES;
				CLANG_WARN_OBJC_LITERAL_CONVERSION = YES;
				CLANG_WARN_OBJC_ROOT_CLASS = YES_ERROR;
				CLANG_WARN_RANGE_LOOP_ANALYSIS = YES;
				CLANG_WARN_STRICT_PROTOTYPES = YES;
				CLANG_WARN_SUSPICIOUS_MOVE = YES;
				CLANG_WARN_UNGUARDED_AVAILABILITY = YES_AGGRESSIVE;
				CLANG_WARN_UNREACHABLE_CODE = YES;
				CLANG_WARN__DUPLICATE_METHOD_MATCH = YES;
				CODE_SIGN_IDENTITY = "Mac Developer";
				COPY_PHASE_STRIP = NO;
				DEBUG_INFORMATION_FORMAT = dwarf;
				ENABLE_STRICT_OBJC_MSGSEND = YES;
				ENABLE_TESTABILITY = YES;
				GCC_C_LANGUAGE_STANDARD = gnu11;
				GCC_DYNAMIC_NO_PIC = NO;
				GCC_NO_COMMON_BLOCKS = YES;
				GCC_OPTIMIZATION_LEVEL = 0;
				GCC_PREPROCESSOR_DEFINITIONS = (
					"DEBUG=1",
					"$(inherited)",
				);
				GCC_WARN_64_TO_32_BIT_CONVERSION = YES;
				GCC_WARN_ABOUT_RETURN_TYPE = YES_ERROR;
				GCC_WARN_UNDECLARED_SELECTOR = YES;
				GCC_WARN_UNINITIALIZED_AUTOS = YES_AGGRESSIVE;
				GCC_WARN_UNUSED_FUNCTION = YES;
				GCC_WARN_UNUSED_VARIABLE = YES;
				MACOSX_DEPLOYMENT_TARGET = 10.14;
				MTL_ENABLE_DEBUG_INFO = INCLUDE_SOURCE;
				MTL_FAST_MATH = YES;
				ONLY_ACTIVE_ARCH = YES;
				SDKROOT = macosx;
				SWIFT_ACTIVE_COMPILATION_CONDITIONS = DEBUG;
				SWIFT_OPTIMIZATION_LEVEL = "-Onone";
			};
			name = Debug;
		};
		0EA2EDE12334F56A0090555A /* Release */ = {
			isa = XCBuildConfiguration;
			buildSettings = {
				ALWAYS_SEARCH_USER_PATHS = NO;
				CLANG_ANALYZER_NONNULL = YES;
				CLANG_ANALYZER_NUMBER_OBJECT_CONVERSION = YES_AGGRESSIVE;
				CLANG_CXX_LANGUAGE_STANDARD = "gnu++14";
				CLANG_CXX_LIBRARY = "libc++";
				CLANG_ENABLE_MODULES = YES;
				CLANG_ENABLE_OBJC_ARC = YES;
				CLANG_ENABLE_OBJC_WEAK = YES;
				CLANG_WARN_BLOCK_CAPTURE_AUTORELEASING = YES;
				CLANG_WARN_BOOL_CONVERSION = YES;
				CLANG_WARN_COMMA = YES;
				CLANG_WARN_CONSTANT_CONVERSION = YES;
				CLANG_WARN_DEPRECATED_OBJC_IMPLEMENTATIONS = YES;
				CLANG_WARN_DIRECT_OBJC_ISA_USAGE = YES_ERROR;
				CLANG_WARN_DOCUMENTATION_COMMENTS = YES;
				CLANG_WARN_EMPTY_BODY = YES;
				CLANG_WARN_ENUM_CONVERSION = YES;
				CLANG_WARN_INFINITE_RECURSION = YES;
				CLANG_WARN_INT_CONVERSION = YES;
				CLANG_WARN_NON_LITERAL_NULL_CONVERSION = YES;
				CLANG_WARN_OBJC_IMPLICIT_RETAIN_SELF = YES;
				CLANG_WARN_OBJC_LITERAL_CONVERSION = YES;
				CLANG_WARN_OBJC_ROOT_CLASS = YES_ERROR;
				CLANG_WARN_RANGE_LOOP_ANALYSIS = YES;
				CLANG_WARN_STRICT_PROTOTYPES = YES;
				CLANG_WARN_SUSPICIOUS_MOVE = YES;
				CLANG_WARN_UNGUARDED_AVAILABILITY = YES_AGGRESSIVE;
				CLANG_WARN_UNREACHABLE_CODE = YES;
				CLANG_WARN__DUPLICATE_METHOD_MATCH = YES;
				CODE_SIGN_IDENTITY = "Mac Developer";
				COPY_PHASE_STRIP = NO;
				DEBUG_INFORMATION_FORMAT = "dwarf-with-dsym";
				ENABLE_NS_ASSERTIONS = NO;
				ENABLE_STRICT_OBJC_MSGSEND = YES;
				GCC_C_LANGUAGE_STANDARD = gnu11;
				GCC_NO_COMMON_BLOCKS = YES;
				GCC_WARN_64_TO_32_BIT_CONVERSION = YES;
				GCC_WARN_ABOUT_RETURN_TYPE = YES_ERROR;
				GCC_WARN_UNDECLARED_SELECTOR = YES;
				GCC_WARN_UNINITIALIZED_AUTOS = YES_AGGRESSIVE;
				GCC_WARN_UNUSED_FUNCTION = YES;
				GCC_WARN_UNUSED_VARIABLE = YES;
				MACOSX_DEPLOYMENT_TARGET = 10.14;
				MTL_ENABLE_DEBUG_INFO = NO;
				MTL_FAST_MATH = YES;
				SDKROOT = macosx;
				SWIFT_COMPILATION_MODE = wholemodule;
				SWIFT_OPTIMIZATION_LEVEL = "-O";
			};
			name = Release;
		};
		0EA2EDE32334F56A0090555A /* Debug */ = {
			isa = XCBuildConfiguration;
			buildSettings = {
				CODE_SIGN_STYLE = Automatic;
				DEVELOPMENT_TEAM = 8BQHKQSA4Y;
				PRODUCT_NAME = "$(TARGET_NAME)";
				SWIFT_VERSION = 5.0;
			};
			name = Debug;
		};
		0EA2EDE42334F56A0090555A /* Release */ = {
			isa = XCBuildConfiguration;
			buildSettings = {
				CODE_SIGN_STYLE = Automatic;
				DEVELOPMENT_TEAM = 8BQHKQSA4Y;
				PRODUCT_NAME = "$(TARGET_NAME)";
				SWIFT_VERSION = 5.0;
			};
			name = Release;
		};
		0EA2EDEF2334F5780090555A /* Debug */ = {
			isa = XCBuildConfiguration;
			buildSettings = {
				CODE_SIGN_STYLE = Automatic;
				COMBINE_HIDPI_IMAGES = YES;
				DEVELOPMENT_TEAM = 8BQHKQSA4Y;
				INFOPLIST_FILE = SolutionUnitTests/Info.plist;
				LD_RUNPATH_SEARCH_PATHS = (
					"$(inherited)",
					"@executable_path/../Frameworks",
					"@loader_path/../Frameworks",
				);
				PRODUCT_BUNDLE_IDENTIFIER = developer.OOwl.SolutionUnitTests;
				PRODUCT_NAME = "$(TARGET_NAME)";
				SWIFT_VERSION = 5.0;
			};
			name = Debug;
		};
		0EA2EDF02334F5780090555A /* Release */ = {
			isa = XCBuildConfiguration;
			buildSettings = {
				CODE_SIGN_STYLE = Automatic;
				COMBINE_HIDPI_IMAGES = YES;
				DEVELOPMENT_TEAM = 8BQHKQSA4Y;
				INFOPLIST_FILE = SolutionUnitTests/Info.plist;
				LD_RUNPATH_SEARCH_PATHS = (
					"$(inherited)",
					"@executable_path/../Frameworks",
					"@loader_path/../Frameworks",
				);
				PRODUCT_BUNDLE_IDENTIFIER = developer.OOwl.SolutionUnitTests;
				PRODUCT_NAME = "$(TARGET_NAME)";
				SWIFT_VERSION = 5.0;
			};
			name = Release;
		};
/* End XCBuildConfiguration section */

/* Begin XCConfigurationList section */
		0EA2EDD62334F56A0090555A /* Build configuration list for PBXProject "N으로 표현" */ = {
			isa = XCConfigurationList;
			buildConfigurations = (
				0EA2EDE02334F56A0090555A /* Debug */,
				0EA2EDE12334F56A0090555A /* Release */,
			);
			defaultConfigurationIsVisible = 0;
			defaultConfigurationName = Release;
		};
		0EA2EDE22334F56A0090555A /* Build configuration list for PBXNativeTarget "N으로 표현" */ = {
			isa = XCConfigurationList;
			buildConfigurations = (
				0EA2EDE32334F56A0090555A /* Debug */,
				0EA2EDE42334F56A0090555A /* Release */,
			);
			defaultConfigurationIsVisible = 0;
			defaultConfigurationName = Release;
		};
		0EA2EDEE2334F5780090555A /* Build configuration list for PBXNativeTarget "SolutionUnitTests" */ = {
			isa = XCConfigurationList;
			buildConfigurations = (
				0EA2EDEF2334F5780090555A /* Debug */,
				0EA2EDF02334F5780090555A /* Release */,
			);
			defaultConfigurationIsVisible = 0;
			defaultConfigurationName = Release;
		};
/* End XCConfigurationList section */
	};
	rootObject = 0EA2EDD32334F56A0090555A /* Project object */;
}
